
Microsoft Visual Studio Solution File, Format Version 12.00
# Visual Studio Version 17
VisualStudioVersion = 17.13.35919.96 d17.13
MinimumVisualStudioVersion = 10.0.40219.1
Project("{FAE04EC0-301F-11D3-BF4B-00C04F79EFBC}") = "BugayongXyrex_MidtermsLabExam", "BugayongXyrex_MidtermsLabExam\BugayongXyrex_MidtermsLabExam.csproj", "{B268D89E-0DD1-46EC-A2F9-7BBE4595F733}"
EndProject
Global
	GlobalSection(SolutionConfigurationPlatforms) = preSolution
		Debug|Any CPU = Debug|Any CPU
		Release|Any CPU = Release|Any CPU
	EndGlobalSection
	GlobalSection(ProjectConfigurationPlatforms) = postSolution
		{B268D89E-0DD1-46EC-A2F9-7BBE4595F733}.Debug|Any CPU.ActiveCfg = Debug|Any CPU
		{B268D89E-0DD1-46EC-A2F9-7BBE4595F733}.Debug|Any CPU.Build.0 = Debug|Any CPU
		{B268D89E-0DD1-46EC-A2F9-7BBE4595F733}.Release|Any CPU.ActiveCfg = Release|Any CPU
		{B268D89E-0DD1-46EC-A2F9-7BBE4595F733}.Release|Any CPU.Build.0 = Release|Any CPU
	EndGlobalSection
	GlobalSection(SolutionProperties) = preSolution
		HideSolutionNode = FALSE
	EndGlobalSection
	GlobalSection(ExtensibilityGlobals) = postSolution
		SolutionGuid = {C44F16CD-446A-459D-939F-938B7C19FA18}
	EndGlobalSection
EndGlobal
